
Microsoft Visual Studio Solution File, Format Version 12.00
# Visual Studio 15
VisualStudioVersion = 15.0.27130.2024
MinimumVisualStudioVersion = 10.0.40219.1
Project("{FAE04EC0-301F-11D3-BF4B-00C04F79EFBC}") = "ReferenceMapper", "ReferenceMapper\ReferenceMapper.csproj", "{7FD0BA90-0AC5-48A3-AFAF-EDB27AA98CE4}"
EndProject
Project("{FAE04EC0-301F-11D3-BF4B-00C04F79EFBC}") = "Runner", "Runner\Runner.csproj", "{F22AEEFD-16E5-452B-B73C-1A0E142EF21D}"
EndProject
Project("{2150E333-8FDC-42A3-9474-1A3956D46DE8}") = "TestProjects", "TestProjects", "{2897AC2B-0F2D-4C40-9F2B-F8C72BD10EBD}"
EndProject
Project("{FAE04EC0-301F-11D3-BF4B-00C04F79EFBC}") = "TestClassLibrary", "TestClassLibrary\TestClassLibrary.csproj", "{2E0840EC-DE63-4B3F-AC82-FD5077C9A013}"
EndProject
Project("{FAE04EC0-301F-11D3-BF4B-00C04F79EFBC}") = "TestConsoleApp", "TestConsoleApp\TestConsoleApp.csproj", "{3DC7BDC3-F61C-4DB8-9EAF-B555B230799A}"
EndProject
Global
	GlobalSection(SolutionConfigurationPlatforms) = preSolution
		Debug|Any CPU = Debug|Any CPU
		Release|Any CPU = Release|Any CPU
	EndGlobalSection
	GlobalSection(ProjectConfigurationPlatforms) = postSolution
		{7FD0BA90-0AC5-48A3-AFAF-EDB27AA98CE4}.Debug|Any CPU.ActiveCfg = Debug|Any CPU
		{7FD0BA90-0AC5-48A3-AFAF-EDB27AA98CE4}.Debug|Any CPU.Build.0 = Debug|Any CPU
		{7FD0BA90-0AC5-48A3-AFAF-EDB27AA98CE4}.Release|Any CPU.ActiveCfg = Release|Any CPU
		{7FD0BA90-0AC5-48A3-AFAF-EDB27AA98CE4}.Release|Any CPU.Build.0 = Release|Any CPU
		{F22AEEFD-16E5-452B-B73C-1A0E142EF21D}.Debug|Any CPU.ActiveCfg = Debug|Any CPU
		{F22AEEFD-16E5-452B-B73C-1A0E142EF21D}.Debug|Any CPU.Build.0 = Debug|Any CPU
		{F22AEEFD-16E5-452B-B73C-1A0E142EF21D}.Release|Any CPU.ActiveCfg = Release|Any CPU
		{F22AEEFD-16E5-452B-B73C-1A0E142EF21D}.Release|Any CPU.Build.0 = Release|Any CPU
		{2E0840EC-DE63-4B3F-AC82-FD5077C9A013}.Debug|Any CPU.ActiveCfg = Debug|Any CPU
		{2E0840EC-DE63-4B3F-AC82-FD5077C9A013}.Debug|Any CPU.Build.0 = Debug|Any CPU
		{2E0840EC-DE63-4B3F-AC82-FD5077C9A013}.Release|Any CPU.ActiveCfg = Release|Any CPU
		{2E0840EC-DE63-4B3F-AC82-FD5077C9A013}.Release|Any CPU.Build.0 = Release|Any CPU
		{3DC7BDC3-F61C-4DB8-9EAF-B555B230799A}.Debug|Any CPU.ActiveCfg = Debug|Any CPU
		{3DC7BDC3-F61C-4DB8-9EAF-B555B230799A}.Debug|Any CPU.Build.0 = Debug|Any CPU
		{3DC7BDC3-F61C-4DB8-9EAF-B555B230799A}.Release|Any CPU.ActiveCfg = Release|Any CPU
		{3DC7BDC3-F61C-4DB8-9EAF-B555B230799A}.Release|Any CPU.Build.0 = Release|Any CPU
	EndGlobalSection
	GlobalSection(SolutionProperties) = preSolution
		HideSolutionNode = FALSE
	EndGlobalSection
	GlobalSection(NestedProjects) = preSolution
		{2E0840EC-DE63-4B3F-AC82-FD5077C9A013} = {2897AC2B-0F2D-4C40-9F2B-F8C72BD10EBD}
		{3DC7BDC3-F61C-4DB8-9EAF-B555B230799A} = {2897AC2B-0F2D-4C40-9F2B-F8C72BD10EBD}
	EndGlobalSection
	GlobalSection(ExtensibilityGlobals) = postSolution
		SolutionGuid = {D31F9DF2-ED45-4819-988B-E59B7A1C445B}
	EndGlobalSection
EndGlobal
